
Microsoft Visual Studio Solution File, Format Version 12.00
# Visual Studio Version 16
VisualStudioVersion = 16.0.30104.148
MinimumVisualStudioVersion = 10.0.40219.1
Project("{FAE04EC0-301F-11D3-BF4B-00C04F79EFBC}") = "Follower Analyzer for Instagram", "Follower Analyzer for Instagram\Follower Analyzer for Instagram.csproj", "{E2B83F9C-84B6-4EF8-B5DF-3928F2495E71}"
EndProject
Global
	GlobalSection(SolutionConfigurationPlatforms) = preSolution
		Debug|Any CPU = Debug|Any CPU
		Release|Any CPU = Release|Any CPU
	EndGlobalSection
	GlobalSection(ProjectConfigurationPlatforms) = postSolution
		{E2B83F9C-84B6-4EF8-B5DF-3928F2495E71}.Debug|Any CPU.ActiveCfg = Debug|Any CPU
		{E2B83F9C-84B6-4EF8-B5DF-3928F2495E71}.Debug|Any CPU.Build.0 = Debug|Any CPU
		{E2B83F9C-84B6-4EF8-B5DF-3928F2495E71}.Release|Any CPU.ActiveCfg = Release|Any CPU
		{E2B83F9C-84B6-4EF8-B5DF-3928F2495E71}.Release|Any CPU.Build.0 = Release|Any CPU
	EndGlobalSection
	GlobalSection(SolutionProperties) = preSolution
		HideSolutionNode = FALSE
	EndGlobalSection
	GlobalSection(ExtensibilityGlobals) = postSolution
		SolutionGuid = {7B035A88-77B3-4E88-8CD9-76E644C43FB8}
	EndGlobalSection
EndGlobal
